
Microsoft Visual Studio Solution File, Format Version 12.00
# Visual Studio 15
VisualStudioVersion = 15.0.27130.2024
MinimumVisualStudioVersion = 10.0.40219.1
Project("{2150E333-8FDC-42A3-9474-1A3956D46DE8}") = ".paket", ".paket", "{EC546605-42A8-47A0-9EEB-393EC576A226}"
	ProjectSection(SolutionItems) = preProject
		paket.dependencies = paket.dependencies
	EndProjectSection
EndProject
Project("{FAE04EC0-301F-11D3-BF4B-00C04F79EFBC}") = "Service", "src\Service\Service.csproj", "{59E0E5C0-9C50-4618-A305-000F4665B3B4}"
EndProject
Project("{FAE04EC0-301F-11D3-BF4B-00C04F79EFBC}") = "Client", "src\Client\Client.csproj", "{1CF262AE-DD6B-4924-A5DE-3568EAD3D86A}"
EndProject
Project("{FAE04EC0-301F-11D3-BF4B-00C04F79EFBC}") = "Specs", "src\Specs\Specs.csproj", "{332EDA67-3503-4A26-8898-4ED046965EAF}"
EndProject
Project("{2150E333-8FDC-42A3-9474-1A3956D46DE8}") = "Samples", "Samples", "{8BAA99D1-1936-47DF-B747-2349C46985D5}"
EndProject
Project("{2150E333-8FDC-42A3-9474-1A3956D46DE8}") = "Src", "Src", "{03565362-FB0E-474C-AF89-ECB708D1C9AF}"
EndProject
Project("{FAE04EC0-301F-11D3-BF4B-00C04F79EFBC}") = "ConsoleService", "samples\ConsoleService\ConsoleService.csproj", "{8A96C8FD-E76A-48D2-AA3E-79BDFA6AD6F0}"
EndProject
Project("{FAE04EC0-301F-11D3-BF4B-00C04F79EFBC}") = "ConsoleClient", "samples\ConsoleClient\ConsoleClient.csproj", "{062FDC48-5F08-4E31-B42F-B24C53ADEB9C}"
EndProject
Project("{FAE04EC0-301F-11D3-BF4B-00C04F79EFBC}") = "WebService", "samples\WebService\WebService.csproj", "{C9525D0B-F1BC-4E84-867C-79B61A78A270}"
EndProject
Global
	GlobalSection(SolutionConfigurationPlatforms) = preSolution
		Debug|Any CPU = Debug|Any CPU
		Release|Any CPU = Release|Any CPU
	EndGlobalSection
	GlobalSection(ProjectConfigurationPlatforms) = postSolution
		{59E0E5C0-9C50-4618-A305-000F4665B3B4}.Debug|Any CPU.ActiveCfg = Debug|Any CPU
		{59E0E5C0-9C50-4618-A305-000F4665B3B4}.Debug|Any CPU.Build.0 = Debug|Any CPU
		{59E0E5C0-9C50-4618-A305-000F4665B3B4}.Release|Any CPU.ActiveCfg = Release|Any CPU
		{59E0E5C0-9C50-4618-A305-000F4665B3B4}.Release|Any CPU.Build.0 = Release|Any CPU
		{1CF262AE-DD6B-4924-A5DE-3568EAD3D86A}.Debug|Any CPU.ActiveCfg = Debug|Any CPU
		{1CF262AE-DD6B-4924-A5DE-3568EAD3D86A}.Debug|Any CPU.Build.0 = Debug|Any CPU
		{1CF262AE-DD6B-4924-A5DE-3568EAD3D86A}.Release|Any CPU.ActiveCfg = Release|Any CPU
		{1CF262AE-DD6B-4924-A5DE-3568EAD3D86A}.Release|Any CPU.Build.0 = Release|Any CPU
		{332EDA67-3503-4A26-8898-4ED046965EAF}.Debug|Any CPU.ActiveCfg = Debug|Any CPU
		{332EDA67-3503-4A26-8898-4ED046965EAF}.Debug|Any CPU.Build.0 = Debug|Any CPU
		{332EDA67-3503-4A26-8898-4ED046965EAF}.Release|Any CPU.ActiveCfg = Release|Any CPU
		{332EDA67-3503-4A26-8898-4ED046965EAF}.Release|Any CPU.Build.0 = Release|Any CPU
		{8A96C8FD-E76A-48D2-AA3E-79BDFA6AD6F0}.Debug|Any CPU.ActiveCfg = Debug|Any CPU
		{8A96C8FD-E76A-48D2-AA3E-79BDFA6AD6F0}.Debug|Any CPU.Build.0 = Debug|Any CPU
		{8A96C8FD-E76A-48D2-AA3E-79BDFA6AD6F0}.Release|Any CPU.ActiveCfg = Release|Any CPU
		{8A96C8FD-E76A-48D2-AA3E-79BDFA6AD6F0}.Release|Any CPU.Build.0 = Release|Any CPU
		{062FDC48-5F08-4E31-B42F-B24C53ADEB9C}.Debug|Any CPU.ActiveCfg = Debug|Any CPU
		{062FDC48-5F08-4E31-B42F-B24C53ADEB9C}.Debug|Any CPU.Build.0 = Debug|Any CPU
		{062FDC48-5F08-4E31-B42F-B24C53ADEB9C}.Release|Any CPU.ActiveCfg = Release|Any CPU
		{062FDC48-5F08-4E31-B42F-B24C53ADEB9C}.Release|Any CPU.Build.0 = Release|Any CPU
		{C9525D0B-F1BC-4E84-867C-79B61A78A270}.Debug|Any CPU.ActiveCfg = Debug|Any CPU
		{C9525D0B-F1BC-4E84-867C-79B61A78A270}.Debug|Any CPU.Build.0 = Debug|Any CPU
		{C9525D0B-F1BC-4E84-867C-79B61A78A270}.Release|Any CPU.ActiveCfg = Release|Any CPU
		{C9525D0B-F1BC-4E84-867C-79B61A78A270}.Release|Any CPU.Build.0 = Release|Any CPU
	EndGlobalSection
	GlobalSection(SolutionProperties) = preSolution
		HideSolutionNode = FALSE
	EndGlobalSection
	GlobalSection(NestedProjects) = preSolution
		{59E0E5C0-9C50-4618-A305-000F4665B3B4} = {03565362-FB0E-474C-AF89-ECB708D1C9AF}
		{1CF262AE-DD6B-4924-A5DE-3568EAD3D86A} = {03565362-FB0E-474C-AF89-ECB708D1C9AF}
		{332EDA67-3503-4A26-8898-4ED046965EAF} = {03565362-FB0E-474C-AF89-ECB708D1C9AF}
		{8A96C8FD-E76A-48D2-AA3E-79BDFA6AD6F0} = {8BAA99D1-1936-47DF-B747-2349C46985D5}
		{062FDC48-5F08-4E31-B42F-B24C53ADEB9C} = {8BAA99D1-1936-47DF-B747-2349C46985D5}
		{C9525D0B-F1BC-4E84-867C-79B61A78A270} = {8BAA99D1-1936-47DF-B747-2349C46985D5}
	EndGlobalSection
	GlobalSection(ExtensibilityGlobals) = postSolution
		SolutionGuid = {4D14A005-5B5A-4A42-A931-1D3EB818E4F9}
	EndGlobalSection
EndGlobal
